PODS:
  - face_liveness_detection (0.0.1):
    - Flutter
  - Flutter (1.0.0)
  - image_picker_ios (0.0.1):
    - Flutter
  - integration_test (0.0.1):
    - Flutter

DEPENDENCIES:
  - face_liveness_detection (from `.symlinks/plugins/face_liveness_detection/ios`)
  - Flutter (from `Flutter`)
  - image_picker_ios (from `.symlinks/plugins/image_picker_ios/ios`)
  - integration_test (from `.symlinks/plugins/integration_test/ios`)

EXTERNAL SOURCES:
  face_liveness_detection:
    :path: ".symlinks/plugins/face_liveness_detection/ios"
  Flutter:
    :path: Flutter
  image_picker_ios:
    :path: ".symlinks/plugins/image_picker_ios/ios"
  integration_test:
    :path: ".symlinks/plugins/integration_test/ios"

SPEC CHECKSUMS:
  face_liveness_detection: feb373305d431984e4aa9c5818a47ff3b15b7150
  Flutter: f04841e97a9d0b0a8025694d0796dd46242b2854
  image_picker_ios: 4a8aadfbb6dc30ad5141a2ce3832af9214a705b5
  integration_test: 13825b8a9334a850581300559b8839134b124670

PODFILE CHECKSUM: ec449f4e5b0af7d9a126fe9996fc435c0d84aba3

COCOAPODS: 1.14.2
